
Microsoft Visual Studio Solution File, Format Version 12.00
# Visual Studio Version 17
VisualStudioVersion = 17.4.33213.308
MinimumVisualStudioVersion = 10.0.40219.1
Project("{8BC9CEB8-8B4A-11D0-8D11-00A0C91BC942}") = "PasswordPromptExtension", "PasswordPromptExtension\PasswordPromptExtension.vcxproj", "{186254C2-E247-4DA5-AC00-4E988C67EA0E}"
EndProject
Global
	GlobalSection(SolutionConfigurationPlatforms) = preSolution
		Debug|x64 = Debug|x64
		Debug|x86 = Debug|x86
		Release|x64 = Release|x64
		Release|x86 = Release|x86
	EndGlobalSection
	GlobalSection(ProjectConfigurationPlatforms) = postSolution
		{186254C2-E247-4DA5-AC00-4E988C67EA0E}.Debug|x64.ActiveCfg = Debug|x64
		{186254C2-E247-4DA5-AC00-4E988C67EA0E}.Debug|x64.Build.0 = Debug|x64
		{186254C2-E247-4DA5-AC00-4E988C67EA0E}.Debug|x86.ActiveCfg = Debug|Win32
		{186254C2-E247-4DA5-AC00-4E988C67EA0E}.Debug|x86.Build.0 = Debug|Win32
		{186254C2-E247-4DA5-AC00-4E988C67EA0E}.Release|x64.ActiveCfg = Release|x64
		{186254C2-E247-4DA5-AC00-4E988C67EA0E}.Release|x64.Build.0 = Release|x64
		{186254C2-E247-4DA5-AC00-4E988C67EA0E}.Release|x86.ActiveCfg = Release|Win32
		{186254C2-E247-4DA5-AC00-4E988C67EA0E}.Release|x86.Build.0 = Release|Win32
	EndGlobalSection
	GlobalSection(SolutionProperties) = preSolution
		HideSolutionNode = FALSE
	EndGlobalSection
	GlobalSection(ExtensibilityGlobals) = postSolution
		SolutionGuid = {67022D77-5E73-4D38-9A7A-0744CB338363}
	EndGlobalSection
EndGlobal
